
Microsoft Visual Studio Solution File, Format Version 12.00
# Visual Studio Version 16
VisualStudioVersion = 16.0.30503.244
MinimumVisualStudioVersion = 10.0.40219.1
Project("{FAE04EC0-301F-11D3-BF4B-00C04F79EFBC}") = "ejercicio_1_5_2_3", "ejercicio_1_5_2_3\ejercicio_1_5_2_3.csproj", "{ADBF9A5E-A06D-416A-8277-A868D31D3AB3}"
EndProject
Global
	GlobalSection(SolutionConfigurationPlatforms) = preSolution
		Debug|Any CPU = Debug|Any CPU
		Release|Any CPU = Release|Any CPU
	EndGlobalSection
	GlobalSection(ProjectConfigurationPlatforms) = postSolution
		{ADBF9A5E-A06D-416A-8277-A868D31D3AB3}.Debug|Any CPU.ActiveCfg = Debug|Any CPU
		{ADBF9A5E-A06D-416A-8277-A868D31D3AB3}.Debug|Any CPU.Build.0 = Debug|Any CPU
		{ADBF9A5E-A06D-416A-8277-A868D31D3AB3}.Release|Any CPU.ActiveCfg = Release|Any CPU
		{ADBF9A5E-A06D-416A-8277-A868D31D3AB3}.Release|Any CPU.Build.0 = Release|Any CPU
	EndGlobalSection
	GlobalSection(SolutionProperties) = preSolution
		HideSolutionNode = FALSE
	EndGlobalSection
	GlobalSection(ExtensibilityGlobals) = postSolution
		SolutionGuid = {315FBBE4-2885-4BEE-9068-3E6DC0E6E1E5}
	EndGlobalSection
EndGlobal
