
Microsoft Visual Studio Solution File, Format Version 12.00
# Visual Studio Version 16
VisualStudioVersion = 16.0.30517.126
MinimumVisualStudioVersion = 10.0.40219.1
Project("{FAE04EC0-301F-11D3-BF4B-00C04F79EFBC}") = "ejercicio_2_6_4", "ejercicio_2_6_4\ejercicio_2_6_4.csproj", "{33DBB73A-3C2E-4BDB-95E4-4F2B36A933B1}"
EndProject
Global
	GlobalSection(SolutionConfigurationPlatforms) = preSolution
		Debug|Any CPU = Debug|Any CPU
		Release|Any CPU = Release|Any CPU
	EndGlobalSection
	GlobalSection(ProjectConfigurationPlatforms) = postSolution
		{33DBB73A-3C2E-4BDB-95E4-4F2B36A933B1}.Debug|Any CPU.ActiveCfg = Debug|Any CPU
		{33DBB73A-3C2E-4BDB-95E4-4F2B36A933B1}.Debug|Any CPU.Build.0 = Debug|Any CPU
		{33DBB73A-3C2E-4BDB-95E4-4F2B36A933B1}.Release|Any CPU.ActiveCfg = Release|Any CPU
		{33DBB73A-3C2E-4BDB-95E4-4F2B36A933B1}.Release|Any CPU.Build.0 = Release|Any CPU
	EndGlobalSection
	GlobalSection(SolutionProperties) = preSolution
		HideSolutionNode = FALSE
	EndGlobalSection
	GlobalSection(ExtensibilityGlobals) = postSolution
		SolutionGuid = {EC5AE62C-F2F6-4B5B-846B-308D770A5A6E}
	EndGlobalSection
EndGlobal
