
Microsoft Visual Studio Solution File, Format Version 12.00
# Visual Studio Version 16
VisualStudioVersion = 16.0.30517.126
MinimumVisualStudioVersion = 10.0.40219.1
Project("{FAE04EC0-301F-11D3-BF4B-00C04F79EFBC}") = "ejercicio_3_2_6_2", "ejercicio_3_2_6_2\ejercicio_3_2_6_2.csproj", "{9F1769BB-5567-4C13-8B27-99D1A4B3BBC2}"
EndProject
Global
	GlobalSection(SolutionConfigurationPlatforms) = preSolution
		Debug|Any CPU = Debug|Any CPU
		Release|Any CPU = Release|Any CPU
	EndGlobalSection
	GlobalSection(ProjectConfigurationPlatforms) = postSolution
		{9F1769BB-5567-4C13-8B27-99D1A4B3BBC2}.Debug|Any CPU.ActiveCfg = Debug|Any CPU
		{9F1769BB-5567-4C13-8B27-99D1A4B3BBC2}.Debug|Any CPU.Build.0 = Debug|Any CPU
		{9F1769BB-5567-4C13-8B27-99D1A4B3BBC2}.Release|Any CPU.ActiveCfg = Release|Any CPU
		{9F1769BB-5567-4C13-8B27-99D1A4B3BBC2}.Release|Any CPU.Build.0 = Release|Any CPU
	EndGlobalSection
	GlobalSection(SolutionProperties) = preSolution
		HideSolutionNode = FALSE
	EndGlobalSection
	GlobalSection(ExtensibilityGlobals) = postSolution
		SolutionGuid = {9AD73F41-A22E-4FD1-A2E4-860C6C10A40B}
	EndGlobalSection
EndGlobal
