
Microsoft Visual Studio Solution File, Format Version 12.00
# Visual Studio Version 16
VisualStudioVersion = 16.0.31005.135
MinimumVisualStudioVersion = 10.0.40219.1
Project("{FAE04EC0-301F-11D3-BF4B-00C04F79EFBC}") = "ejercicio_7_2_1_wpf", "ejercicio_7_2_1_wpf\ejercicio_7_2_1_wpf.csproj", "{EAB81B26-834D-4C16-A460-2C3DF834BFF1}"
EndProject
Global
	GlobalSection(SolutionConfigurationPlatforms) = preSolution
		Debug|Any CPU = Debug|Any CPU
		Release|Any CPU = Release|Any CPU
	EndGlobalSection
	GlobalSection(ProjectConfigurationPlatforms) = postSolution
		{EAB81B26-834D-4C16-A460-2C3DF834BFF1}.Debug|Any CPU.ActiveCfg = Debug|Any CPU
		{EAB81B26-834D-4C16-A460-2C3DF834BFF1}.Debug|Any CPU.Build.0 = Debug|Any CPU
		{EAB81B26-834D-4C16-A460-2C3DF834BFF1}.Release|Any CPU.ActiveCfg = Release|Any CPU
		{EAB81B26-834D-4C16-A460-2C3DF834BFF1}.Release|Any CPU.Build.0 = Release|Any CPU
	EndGlobalSection
	GlobalSection(SolutionProperties) = preSolution
		HideSolutionNode = FALSE
	EndGlobalSection
	GlobalSection(ExtensibilityGlobals) = postSolution
		SolutionGuid = {829A1FDB-5ECA-48FE-8894-785BD6E60851}
	EndGlobalSection
EndGlobal
