
Microsoft Visual Studio Solution File, Format Version 12.00
# Visual Studio Version 16
VisualStudioVersion = 16.0.30503.244
MinimumVisualStudioVersion = 10.0.40219.1
Project("{FAE04EC0-301F-11D3-BF4B-00C04F79EFBC}") = "ejercicio_2_2_3_3", "ejercicio_2_2_3_3\ejercicio_2_2_3_3.csproj", "{98F9BF6F-0A50-4686-A873-8886BA2D043C}"
EndProject
Global
	GlobalSection(SolutionConfigurationPlatforms) = preSolution
		Debug|Any CPU = Debug|Any CPU
		Release|Any CPU = Release|Any CPU
	EndGlobalSection
	GlobalSection(ProjectConfigurationPlatforms) = postSolution
		{98F9BF6F-0A50-4686-A873-8886BA2D043C}.Debug|Any CPU.ActiveCfg = Debug|Any CPU
		{98F9BF6F-0A50-4686-A873-8886BA2D043C}.Debug|Any CPU.Build.0 = Debug|Any CPU
		{98F9BF6F-0A50-4686-A873-8886BA2D043C}.Release|Any CPU.ActiveCfg = Release|Any CPU
		{98F9BF6F-0A50-4686-A873-8886BA2D043C}.Release|Any CPU.Build.0 = Release|Any CPU
	EndGlobalSection
	GlobalSection(SolutionProperties) = preSolution
		HideSolutionNode = FALSE
	EndGlobalSection
	GlobalSection(ExtensibilityGlobals) = postSolution
		SolutionGuid = {66524234-5093-4EFE-8652-B375B8A1A49C}
	EndGlobalSection
EndGlobal
