
Microsoft Visual Studio Solution File, Format Version 12.00
# Visual Studio Version 16
VisualStudioVersion = 16.0.30611.23
MinimumVisualStudioVersion = 10.0.40219.1
Project("{FAE04EC0-301F-11D3-BF4B-00C04F79EFBC}") = "ejercicio_4_1_4_2", "ejercicio_4_1_4_2\ejercicio_4_1_4_2.csproj", "{31C19A75-DAA4-4A1E-AC6D-F9727C60716E}"
EndProject
Global
	GlobalSection(SolutionConfigurationPlatforms) = preSolution
		Debug|Any CPU = Debug|Any CPU
		Release|Any CPU = Release|Any CPU
	EndGlobalSection
	GlobalSection(ProjectConfigurationPlatforms) = postSolution
		{31C19A75-DAA4-4A1E-AC6D-F9727C60716E}.Debug|Any CPU.ActiveCfg = Debug|Any CPU
		{31C19A75-DAA4-4A1E-AC6D-F9727C60716E}.Debug|Any CPU.Build.0 = Debug|Any CPU
		{31C19A75-DAA4-4A1E-AC6D-F9727C60716E}.Release|Any CPU.ActiveCfg = Release|Any CPU
		{31C19A75-DAA4-4A1E-AC6D-F9727C60716E}.Release|Any CPU.Build.0 = Release|Any CPU
	EndGlobalSection
	GlobalSection(SolutionProperties) = preSolution
		HideSolutionNode = FALSE
	EndGlobalSection
	GlobalSection(ExtensibilityGlobals) = postSolution
		SolutionGuid = {6A706703-E848-48B3-9C67-D48FA67609A5}
	EndGlobalSection
EndGlobal
