
Microsoft Visual Studio Solution File, Format Version 12.00
# Visual Studio Version 16
VisualStudioVersion = 16.0.30611.23
MinimumVisualStudioVersion = 10.0.40219.1
Project("{FAE04EC0-301F-11D3-BF4B-00C04F79EFBC}") = "ejercicio_4_1_3_11", "ejercicio_4_1_3_11\ejercicio_4_1_3_11.csproj", "{7B5462DF-154E-4B29-BE52-5EFA9169FA88}"
EndProject
Global
	GlobalSection(SolutionConfigurationPlatforms) = preSolution
		Debug|Any CPU = Debug|Any CPU
		Release|Any CPU = Release|Any CPU
	EndGlobalSection
	GlobalSection(ProjectConfigurationPlatforms) = postSolution
		{7B5462DF-154E-4B29-BE52-5EFA9169FA88}.Debug|Any CPU.ActiveCfg = Debug|Any CPU
		{7B5462DF-154E-4B29-BE52-5EFA9169FA88}.Debug|Any CPU.Build.0 = Debug|Any CPU
		{7B5462DF-154E-4B29-BE52-5EFA9169FA88}.Release|Any CPU.ActiveCfg = Release|Any CPU
		{7B5462DF-154E-4B29-BE52-5EFA9169FA88}.Release|Any CPU.Build.0 = Release|Any CPU
	EndGlobalSection
	GlobalSection(SolutionProperties) = preSolution
		HideSolutionNode = FALSE
	EndGlobalSection
	GlobalSection(ExtensibilityGlobals) = postSolution
		SolutionGuid = {5392566A-631D-4552-87AB-51ED58F1E748}
	EndGlobalSection
EndGlobal
