
Microsoft Visual Studio Solution File, Format Version 12.00
# Visual Studio Version 16
VisualStudioVersion = 16.0.30517.126
MinimumVisualStudioVersion = 10.0.40219.1
Project("{FAE04EC0-301F-11D3-BF4B-00C04F79EFBC}") = "ejercicio_3_5_4", "ejercicio_3_5_4\ejercicio_3_5_4.csproj", "{4D238D54-6847-4F75-AD57-DF0C98CD0FBE}"
EndProject
Global
	GlobalSection(SolutionConfigurationPlatforms) = preSolution
		Debug|Any CPU = Debug|Any CPU
		Release|Any CPU = Release|Any CPU
	EndGlobalSection
	GlobalSection(ProjectConfigurationPlatforms) = postSolution
		{4D238D54-6847-4F75-AD57-DF0C98CD0FBE}.Debug|Any CPU.ActiveCfg = Debug|Any CPU
		{4D238D54-6847-4F75-AD57-DF0C98CD0FBE}.Debug|Any CPU.Build.0 = Debug|Any CPU
		{4D238D54-6847-4F75-AD57-DF0C98CD0FBE}.Release|Any CPU.ActiveCfg = Release|Any CPU
		{4D238D54-6847-4F75-AD57-DF0C98CD0FBE}.Release|Any CPU.Build.0 = Release|Any CPU
	EndGlobalSection
	GlobalSection(SolutionProperties) = preSolution
		HideSolutionNode = FALSE
	EndGlobalSection
	GlobalSection(ExtensibilityGlobals) = postSolution
		SolutionGuid = {1A8A3C7A-800A-4B2E-804C-2C1D9CD9D821}
	EndGlobalSection
EndGlobal
