
Microsoft Visual Studio Solution File, Format Version 12.00
# Visual Studio Version 16
VisualStudioVersion = 16.0.31005.135
MinimumVisualStudioVersion = 10.0.40219.1
Project("{FAE04EC0-301F-11D3-BF4B-00C04F79EFBC}") = "ejercicio_6_5_5", "ejercicio_6_5_5\ejercicio_6_5_5.csproj", "{998356C9-3013-4D63-A308-8EF1D3B47508}"
EndProject
Global
	GlobalSection(SolutionConfigurationPlatforms) = preSolution
		Debug|Any CPU = Debug|Any CPU
		Release|Any CPU = Release|Any CPU
	EndGlobalSection
	GlobalSection(ProjectConfigurationPlatforms) = postSolution
		{998356C9-3013-4D63-A308-8EF1D3B47508}.Debug|Any CPU.ActiveCfg = Debug|Any CPU
		{998356C9-3013-4D63-A308-8EF1D3B47508}.Debug|Any CPU.Build.0 = Debug|Any CPU
		{998356C9-3013-4D63-A308-8EF1D3B47508}.Release|Any CPU.ActiveCfg = Release|Any CPU
		{998356C9-3013-4D63-A308-8EF1D3B47508}.Release|Any CPU.Build.0 = Release|Any CPU
	EndGlobalSection
	GlobalSection(SolutionProperties) = preSolution
		HideSolutionNode = FALSE
	EndGlobalSection
	GlobalSection(ExtensibilityGlobals) = postSolution
		SolutionGuid = {B328CBBC-912F-4BA2-ADB5-C97C81E8E9FE}
	EndGlobalSection
EndGlobal
