
Microsoft Visual Studio Solution File, Format Version 12.00
# Visual Studio Version 16
VisualStudioVersion = 16.0.30503.244
MinimumVisualStudioVersion = 10.0.40219.1
Project("{FAE04EC0-301F-11D3-BF4B-00C04F79EFBC}") = "ejercicio_2_2_1_1_3", "ejercicio_2_2_1_1_3\ejercicio_2_2_1_1_3.csproj", "{EF9DBE01-E7E3-45F9-A3EF-836340BA0C55}"
EndProject
Global
	GlobalSection(SolutionConfigurationPlatforms) = preSolution
		Debug|Any CPU = Debug|Any CPU
		Release|Any CPU = Release|Any CPU
	EndGlobalSection
	GlobalSection(ProjectConfigurationPlatforms) = postSolution
		{EF9DBE01-E7E3-45F9-A3EF-836340BA0C55}.Debug|Any CPU.ActiveCfg = Debug|Any CPU
		{EF9DBE01-E7E3-45F9-A3EF-836340BA0C55}.Debug|Any CPU.Build.0 = Debug|Any CPU
		{EF9DBE01-E7E3-45F9-A3EF-836340BA0C55}.Release|Any CPU.ActiveCfg = Release|Any CPU
		{EF9DBE01-E7E3-45F9-A3EF-836340BA0C55}.Release|Any CPU.Build.0 = Release|Any CPU
	EndGlobalSection
	GlobalSection(SolutionProperties) = preSolution
		HideSolutionNode = FALSE
	EndGlobalSection
	GlobalSection(ExtensibilityGlobals) = postSolution
		SolutionGuid = {E9343BE3-98DB-4D34-9D1C-3A79480B20AF}
	EndGlobalSection
EndGlobal
