
Microsoft Visual Studio Solution File, Format Version 12.00
# Visual Studio Version 16
VisualStudioVersion = 16.0.30503.244
MinimumVisualStudioVersion = 10.0.40219.1
Project("{FAE04EC0-301F-11D3-BF4B-00C04F79EFBC}") = "ejercicio_2_1_9_5", "ejercicio_2_1_9_5\ejercicio_2_1_9_5.csproj", "{FB66C542-4ACE-45B8-8CBD-062F1A1536AF}"
EndProject
Global
	GlobalSection(SolutionConfigurationPlatforms) = preSolution
		Debug|Any CPU = Debug|Any CPU
		Release|Any CPU = Release|Any CPU
	EndGlobalSection
	GlobalSection(ProjectConfigurationPlatforms) = postSolution
		{FB66C542-4ACE-45B8-8CBD-062F1A1536AF}.Debug|Any CPU.ActiveCfg = Debug|Any CPU
		{FB66C542-4ACE-45B8-8CBD-062F1A1536AF}.Debug|Any CPU.Build.0 = Debug|Any CPU
		{FB66C542-4ACE-45B8-8CBD-062F1A1536AF}.Release|Any CPU.ActiveCfg = Release|Any CPU
		{FB66C542-4ACE-45B8-8CBD-062F1A1536AF}.Release|Any CPU.Build.0 = Release|Any CPU
	EndGlobalSection
	GlobalSection(SolutionProperties) = preSolution
		HideSolutionNode = FALSE
	EndGlobalSection
	GlobalSection(ExtensibilityGlobals) = postSolution
		SolutionGuid = {9D49D42E-6E3E-4FBE-93B0-19323E58463E}
	EndGlobalSection
EndGlobal
