
Microsoft Visual Studio Solution File, Format Version 12.00
# Visual Studio Version 16
VisualStudioVersion = 16.0.30517.126
MinimumVisualStudioVersion = 10.0.40219.1
Project("{FAE04EC0-301F-11D3-BF4B-00C04F79EFBC}") = "ejercicio_2_2_8_1", "ejercicio_2_2_8_1\ejercicio_2_2_8_1.csproj", "{13AC6A5B-85D6-4D83-B4A7-4E94A2DC5FC0}"
EndProject
Global
	GlobalSection(SolutionConfigurationPlatforms) = preSolution
		Debug|Any CPU = Debug|Any CPU
		Release|Any CPU = Release|Any CPU
	EndGlobalSection
	GlobalSection(ProjectConfigurationPlatforms) = postSolution
		{13AC6A5B-85D6-4D83-B4A7-4E94A2DC5FC0}.Debug|Any CPU.ActiveCfg = Debug|Any CPU
		{13AC6A5B-85D6-4D83-B4A7-4E94A2DC5FC0}.Debug|Any CPU.Build.0 = Debug|Any CPU
		{13AC6A5B-85D6-4D83-B4A7-4E94A2DC5FC0}.Release|Any CPU.ActiveCfg = Release|Any CPU
		{13AC6A5B-85D6-4D83-B4A7-4E94A2DC5FC0}.Release|Any CPU.Build.0 = Release|Any CPU
	EndGlobalSection
	GlobalSection(SolutionProperties) = preSolution
		HideSolutionNode = FALSE
	EndGlobalSection
	GlobalSection(ExtensibilityGlobals) = postSolution
		SolutionGuid = {896949F3-A4C5-459C-BF43-EDFC5B46B1BD}
	EndGlobalSection
EndGlobal
