
Microsoft Visual Studio Solution File, Format Version 12.00
# Visual Studio Version 16
VisualStudioVersion = 16.0.30503.244
MinimumVisualStudioVersion = 10.0.40219.1
Project("{FAE04EC0-301F-11D3-BF4B-00C04F79EFBC}") = "ejercicio_1_5_1_1", "ejercicio_1_5_1_1\ejercicio_1_5_1_1.csproj", "{C042A824-3F26-473E-BFE5-F0B064469D10}"
EndProject
Global
	GlobalSection(SolutionConfigurationPlatforms) = preSolution
		Debug|Any CPU = Debug|Any CPU
		Release|Any CPU = Release|Any CPU
	EndGlobalSection
	GlobalSection(ProjectConfigurationPlatforms) = postSolution
		{C042A824-3F26-473E-BFE5-F0B064469D10}.Debug|Any CPU.ActiveCfg = Debug|Any CPU
		{C042A824-3F26-473E-BFE5-F0B064469D10}.Debug|Any CPU.Build.0 = Debug|Any CPU
		{C042A824-3F26-473E-BFE5-F0B064469D10}.Release|Any CPU.ActiveCfg = Release|Any CPU
		{C042A824-3F26-473E-BFE5-F0B064469D10}.Release|Any CPU.Build.0 = Release|Any CPU
	EndGlobalSection
	GlobalSection(SolutionProperties) = preSolution
		HideSolutionNode = FALSE
	EndGlobalSection
	GlobalSection(ExtensibilityGlobals) = postSolution
		SolutionGuid = {BDB8FAE9-B573-4C37-8E8D-01864B834EE6}
	EndGlobalSection
EndGlobal
