
Microsoft Visual Studio Solution File, Format Version 12.00
# Visual Studio Version 16
VisualStudioVersion = 16.0.30517.126
MinimumVisualStudioVersion = 10.0.40219.1
Project("{FAE04EC0-301F-11D3-BF4B-00C04F79EFBC}") = "ejercicio_2_6_1", "ejercicio_2_6_1\ejercicio_2_6_1.csproj", "{BD7E795C-7B5A-41C5-B316-E8E49F49B306}"
EndProject
Global
	GlobalSection(SolutionConfigurationPlatforms) = preSolution
		Debug|Any CPU = Debug|Any CPU
		Release|Any CPU = Release|Any CPU
	EndGlobalSection
	GlobalSection(ProjectConfigurationPlatforms) = postSolution
		{BD7E795C-7B5A-41C5-B316-E8E49F49B306}.Debug|Any CPU.ActiveCfg = Debug|Any CPU
		{BD7E795C-7B5A-41C5-B316-E8E49F49B306}.Debug|Any CPU.Build.0 = Debug|Any CPU
		{BD7E795C-7B5A-41C5-B316-E8E49F49B306}.Release|Any CPU.ActiveCfg = Release|Any CPU
		{BD7E795C-7B5A-41C5-B316-E8E49F49B306}.Release|Any CPU.Build.0 = Release|Any CPU
	EndGlobalSection
	GlobalSection(SolutionProperties) = preSolution
		HideSolutionNode = FALSE
	EndGlobalSection
	GlobalSection(ExtensibilityGlobals) = postSolution
		SolutionGuid = {D9E09DB9-2A0C-40AD-9EAC-1015AD635EB8}
	EndGlobalSection
EndGlobal
