
Microsoft Visual Studio Solution File, Format Version 12.00
# Visual Studio Version 16
VisualStudioVersion = 16.0.30503.244
MinimumVisualStudioVersion = 10.0.40219.1
Project("{FAE04EC0-301F-11D3-BF4B-00C04F79EFBC}") = "ejercicio_2_1_5_4", "ejercicio_2_1_5_4\ejercicio_2_1_5_4.csproj", "{DBBFA639-34AE-4411-B867-8A7C70F99E20}"
EndProject
Global
	GlobalSection(SolutionConfigurationPlatforms) = preSolution
		Debug|Any CPU = Debug|Any CPU
		Release|Any CPU = Release|Any CPU
	EndGlobalSection
	GlobalSection(ProjectConfigurationPlatforms) = postSolution
		{DBBFA639-34AE-4411-B867-8A7C70F99E20}.Debug|Any CPU.ActiveCfg = Debug|Any CPU
		{DBBFA639-34AE-4411-B867-8A7C70F99E20}.Debug|Any CPU.Build.0 = Debug|Any CPU
		{DBBFA639-34AE-4411-B867-8A7C70F99E20}.Release|Any CPU.ActiveCfg = Release|Any CPU
		{DBBFA639-34AE-4411-B867-8A7C70F99E20}.Release|Any CPU.Build.0 = Release|Any CPU
	EndGlobalSection
	GlobalSection(SolutionProperties) = preSolution
		HideSolutionNode = FALSE
	EndGlobalSection
	GlobalSection(ExtensibilityGlobals) = postSolution
		SolutionGuid = {7488D05F-0D6D-4156-8A0B-175454D7C1E2}
	EndGlobalSection
EndGlobal
