
Microsoft Visual Studio Solution File, Format Version 12.00
# Visual Studio Version 16
VisualStudioVersion = 16.0.30517.126
MinimumVisualStudioVersion = 10.0.40219.1
Project("{FAE04EC0-301F-11D3-BF4B-00C04F79EFBC}") = "ejercicio_3_2_6_1", "ejercicio_3_2_6_1\ejercicio_3_2_6_1.csproj", "{19EB08F5-B833-4717-8F31-2C64EC8705F6}"
EndProject
Global
	GlobalSection(SolutionConfigurationPlatforms) = preSolution
		Debug|Any CPU = Debug|Any CPU
		Release|Any CPU = Release|Any CPU
	EndGlobalSection
	GlobalSection(ProjectConfigurationPlatforms) = postSolution
		{19EB08F5-B833-4717-8F31-2C64EC8705F6}.Debug|Any CPU.ActiveCfg = Debug|Any CPU
		{19EB08F5-B833-4717-8F31-2C64EC8705F6}.Debug|Any CPU.Build.0 = Debug|Any CPU
		{19EB08F5-B833-4717-8F31-2C64EC8705F6}.Release|Any CPU.ActiveCfg = Release|Any CPU
		{19EB08F5-B833-4717-8F31-2C64EC8705F6}.Release|Any CPU.Build.0 = Release|Any CPU
	EndGlobalSection
	GlobalSection(SolutionProperties) = preSolution
		HideSolutionNode = FALSE
	EndGlobalSection
	GlobalSection(ExtensibilityGlobals) = postSolution
		SolutionGuid = {88BEC469-42E8-4A2D-A605-41C3B14FA2BF}
	EndGlobalSection
EndGlobal
