
Microsoft Visual Studio Solution File, Format Version 12.00
# Visual Studio Version 16
VisualStudioVersion = 16.0.30503.244
MinimumVisualStudioVersion = 10.0.40219.1
Project("{FAE04EC0-301F-11D3-BF4B-00C04F79EFBC}") = "ejercicio_2_1_4_1", "ejercicio_2_1_4_1\ejercicio_2_1_4_1.csproj", "{347EB502-4CA8-41A7-BE2F-4F1C07995E2B}"
EndProject
Global
	GlobalSection(SolutionConfigurationPlatforms) = preSolution
		Debug|Any CPU = Debug|Any CPU
		Release|Any CPU = Release|Any CPU
	EndGlobalSection
	GlobalSection(ProjectConfigurationPlatforms) = postSolution
		{347EB502-4CA8-41A7-BE2F-4F1C07995E2B}.Debug|Any CPU.ActiveCfg = Debug|Any CPU
		{347EB502-4CA8-41A7-BE2F-4F1C07995E2B}.Debug|Any CPU.Build.0 = Debug|Any CPU
		{347EB502-4CA8-41A7-BE2F-4F1C07995E2B}.Release|Any CPU.ActiveCfg = Release|Any CPU
		{347EB502-4CA8-41A7-BE2F-4F1C07995E2B}.Release|Any CPU.Build.0 = Release|Any CPU
	EndGlobalSection
	GlobalSection(SolutionProperties) = preSolution
		HideSolutionNode = FALSE
	EndGlobalSection
	GlobalSection(ExtensibilityGlobals) = postSolution
		SolutionGuid = {6CDBBF5C-4ED2-4041-A10C-D6967116AA9F}
	EndGlobalSection
EndGlobal
