
Microsoft Visual Studio Solution File, Format Version 12.00
# Visual Studio Version 16
VisualStudioVersion = 16.0.30503.244
MinimumVisualStudioVersion = 10.0.40219.1
Project("{FAE04EC0-301F-11D3-BF4B-00C04F79EFBC}") = "ejercicio_2_1_5_7", "ejercicio_2_1_5_7\ejercicio_2_1_5_7.csproj", "{EBCE7C0B-948D-457B-A3FE-3A153A1C56C6}"
EndProject
Global
	GlobalSection(SolutionConfigurationPlatforms) = preSolution
		Debug|Any CPU = Debug|Any CPU
		Release|Any CPU = Release|Any CPU
	EndGlobalSection
	GlobalSection(ProjectConfigurationPlatforms) = postSolution
		{EBCE7C0B-948D-457B-A3FE-3A153A1C56C6}.Debug|Any CPU.ActiveCfg = Debug|Any CPU
		{EBCE7C0B-948D-457B-A3FE-3A153A1C56C6}.Debug|Any CPU.Build.0 = Debug|Any CPU
		{EBCE7C0B-948D-457B-A3FE-3A153A1C56C6}.Release|Any CPU.ActiveCfg = Release|Any CPU
		{EBCE7C0B-948D-457B-A3FE-3A153A1C56C6}.Release|Any CPU.Build.0 = Release|Any CPU
	EndGlobalSection
	GlobalSection(SolutionProperties) = preSolution
		HideSolutionNode = FALSE
	EndGlobalSection
	GlobalSection(ExtensibilityGlobals) = postSolution
		SolutionGuid = {906362B9-F613-4A9F-BA9D-4288D99E9E9D}
	EndGlobalSection
EndGlobal
