
Microsoft Visual Studio Solution File, Format Version 12.00
# Visual Studio Version 16
VisualStudioVersion = 16.0.30517.126
MinimumVisualStudioVersion = 10.0.40219.1
Project("{FAE04EC0-301F-11D3-BF4B-00C04F79EFBC}") = "ejercicio_3_1_2_1", "ejercicio_3_1_2_1\ejercicio_3_1_2_1.csproj", "{7EE612D8-3613-4C92-AC23-E33FA6C1A262}"
EndProject
Global
	GlobalSection(SolutionConfigurationPlatforms) = preSolution
		Debug|Any CPU = Debug|Any CPU
		Release|Any CPU = Release|Any CPU
	EndGlobalSection
	GlobalSection(ProjectConfigurationPlatforms) = postSolution
		{7EE612D8-3613-4C92-AC23-E33FA6C1A262}.Debug|Any CPU.ActiveCfg = Debug|Any CPU
		{7EE612D8-3613-4C92-AC23-E33FA6C1A262}.Debug|Any CPU.Build.0 = Debug|Any CPU
		{7EE612D8-3613-4C92-AC23-E33FA6C1A262}.Release|Any CPU.ActiveCfg = Release|Any CPU
		{7EE612D8-3613-4C92-AC23-E33FA6C1A262}.Release|Any CPU.Build.0 = Release|Any CPU
	EndGlobalSection
	GlobalSection(SolutionProperties) = preSolution
		HideSolutionNode = FALSE
	EndGlobalSection
	GlobalSection(ExtensibilityGlobals) = postSolution
		SolutionGuid = {3E720B85-2EA9-49BB-AEC8-901231ACE98C}
	EndGlobalSection
EndGlobal
