
Microsoft Visual Studio Solution File, Format Version 12.00
# Visual Studio Version 16
VisualStudioVersion = 16.0.31005.135
MinimumVisualStudioVersion = 10.0.40219.1
Project("{FAE04EC0-301F-11D3-BF4B-00C04F79EFBC}") = "ejercicio_6_3_2", "ejercicio_6_3_2\ejercicio_6_3_2.csproj", "{3FB8E0C9-C4B9-4D79-AC9E-60AD214A12AC}"
EndProject
Global
	GlobalSection(SolutionConfigurationPlatforms) = preSolution
		Debug|Any CPU = Debug|Any CPU
		Release|Any CPU = Release|Any CPU
	EndGlobalSection
	GlobalSection(ProjectConfigurationPlatforms) = postSolution
		{3FB8E0C9-C4B9-4D79-AC9E-60AD214A12AC}.Debug|Any CPU.ActiveCfg = Debug|Any CPU
		{3FB8E0C9-C4B9-4D79-AC9E-60AD214A12AC}.Debug|Any CPU.Build.0 = Debug|Any CPU
		{3FB8E0C9-C4B9-4D79-AC9E-60AD214A12AC}.Release|Any CPU.ActiveCfg = Release|Any CPU
		{3FB8E0C9-C4B9-4D79-AC9E-60AD214A12AC}.Release|Any CPU.Build.0 = Release|Any CPU
	EndGlobalSection
	GlobalSection(SolutionProperties) = preSolution
		HideSolutionNode = FALSE
	EndGlobalSection
	GlobalSection(ExtensibilityGlobals) = postSolution
		SolutionGuid = {7414C9E4-4F5B-468A-BBBE-0EB56370E96C}
	EndGlobalSection
EndGlobal
