
Microsoft Visual Studio Solution File, Format Version 12.00
# Visual Studio Version 16
VisualStudioVersion = 16.0.30503.244
MinimumVisualStudioVersion = 10.0.40219.1
Project("{FAE04EC0-301F-11D3-BF4B-00C04F79EFBC}") = "ejercicio_1_6_2_1", "ejercicio_1_6_2_1\ejercicio_1_6_2_1.csproj", "{FCA53126-3CB5-4C5E-BA18-784FAC7D47D9}"
EndProject
Global
	GlobalSection(SolutionConfigurationPlatforms) = preSolution
		Debug|Any CPU = Debug|Any CPU
		Release|Any CPU = Release|Any CPU
	EndGlobalSection
	GlobalSection(ProjectConfigurationPlatforms) = postSolution
		{FCA53126-3CB5-4C5E-BA18-784FAC7D47D9}.Debug|Any CPU.ActiveCfg = Debug|Any CPU
		{FCA53126-3CB5-4C5E-BA18-784FAC7D47D9}.Debug|Any CPU.Build.0 = Debug|Any CPU
		{FCA53126-3CB5-4C5E-BA18-784FAC7D47D9}.Release|Any CPU.ActiveCfg = Release|Any CPU
		{FCA53126-3CB5-4C5E-BA18-784FAC7D47D9}.Release|Any CPU.Build.0 = Release|Any CPU
	EndGlobalSection
	GlobalSection(SolutionProperties) = preSolution
		HideSolutionNode = FALSE
	EndGlobalSection
	GlobalSection(ExtensibilityGlobals) = postSolution
		SolutionGuid = {B31CF925-FFB0-4605-87FE-0D6926E4F30B}
	EndGlobalSection
EndGlobal
