
Microsoft Visual Studio Solution File, Format Version 12.00
# Visual Studio Version 16
VisualStudioVersion = 16.0.31005.135
MinimumVisualStudioVersion = 10.0.40219.1
Project("{FAE04EC0-301F-11D3-BF4B-00C04F79EFBC}") = "ejercicio_7_2_2_wpf", "ejercicio_7_2_2_wpf\ejercicio_7_2_2_wpf.csproj", "{B43B5E7B-A46A-43F0-BDF6-1D8AAB488F0C}"
EndProject
Global
	GlobalSection(SolutionConfigurationPlatforms) = preSolution
		Debug|Any CPU = Debug|Any CPU
		Release|Any CPU = Release|Any CPU
	EndGlobalSection
	GlobalSection(ProjectConfigurationPlatforms) = postSolution
		{B43B5E7B-A46A-43F0-BDF6-1D8AAB488F0C}.Debug|Any CPU.ActiveCfg = Debug|Any CPU
		{B43B5E7B-A46A-43F0-BDF6-1D8AAB488F0C}.Debug|Any CPU.Build.0 = Debug|Any CPU
		{B43B5E7B-A46A-43F0-BDF6-1D8AAB488F0C}.Release|Any CPU.ActiveCfg = Release|Any CPU
		{B43B5E7B-A46A-43F0-BDF6-1D8AAB488F0C}.Release|Any CPU.Build.0 = Release|Any CPU
	EndGlobalSection
	GlobalSection(SolutionProperties) = preSolution
		HideSolutionNode = FALSE
	EndGlobalSection
	GlobalSection(ExtensibilityGlobals) = postSolution
		SolutionGuid = {02119C54-9829-470B-BD08-BBC6A61EC124}
	EndGlobalSection
EndGlobal
