
Microsoft Visual Studio Solution File, Format Version 12.00
# Visual Studio Version 16
VisualStudioVersion = 16.0.30517.126
MinimumVisualStudioVersion = 10.0.40219.1
Project("{FAE04EC0-301F-11D3-BF4B-00C04F79EFBC}") = "ejercicio_3_5_2", "ejercicio_3_5_2\ejercicio_3_5_2.csproj", "{3CABC56F-25BF-45E9-9864-356FAB06D948}"
EndProject
Global
	GlobalSection(SolutionConfigurationPlatforms) = preSolution
		Debug|Any CPU = Debug|Any CPU
		Release|Any CPU = Release|Any CPU
	EndGlobalSection
	GlobalSection(ProjectConfigurationPlatforms) = postSolution
		{3CABC56F-25BF-45E9-9864-356FAB06D948}.Debug|Any CPU.ActiveCfg = Debug|Any CPU
		{3CABC56F-25BF-45E9-9864-356FAB06D948}.Debug|Any CPU.Build.0 = Debug|Any CPU
		{3CABC56F-25BF-45E9-9864-356FAB06D948}.Release|Any CPU.ActiveCfg = Release|Any CPU
		{3CABC56F-25BF-45E9-9864-356FAB06D948}.Release|Any CPU.Build.0 = Release|Any CPU
	EndGlobalSection
	GlobalSection(SolutionProperties) = preSolution
		HideSolutionNode = FALSE
	EndGlobalSection
	GlobalSection(ExtensibilityGlobals) = postSolution
		SolutionGuid = {2F5565EC-ADCF-485B-84E8-120D75DDC3D1}
	EndGlobalSection
EndGlobal
