
Microsoft Visual Studio Solution File, Format Version 12.00
# Visual Studio Version 16
VisualStudioVersion = 16.0.30611.23
MinimumVisualStudioVersion = 10.0.40219.1
Project("{FAE04EC0-301F-11D3-BF4B-00C04F79EFBC}") = "ejercicio_4_1_4_1", "ejercicio_4_1_4_1\ejercicio_4_1_4_1.csproj", "{D9031DF8-41D5-4311-A630-DC390E613572}"
EndProject
Global
	GlobalSection(SolutionConfigurationPlatforms) = preSolution
		Debug|Any CPU = Debug|Any CPU
		Release|Any CPU = Release|Any CPU
	EndGlobalSection
	GlobalSection(ProjectConfigurationPlatforms) = postSolution
		{D9031DF8-41D5-4311-A630-DC390E613572}.Debug|Any CPU.ActiveCfg = Debug|Any CPU
		{D9031DF8-41D5-4311-A630-DC390E613572}.Debug|Any CPU.Build.0 = Debug|Any CPU
		{D9031DF8-41D5-4311-A630-DC390E613572}.Release|Any CPU.ActiveCfg = Release|Any CPU
		{D9031DF8-41D5-4311-A630-DC390E613572}.Release|Any CPU.Build.0 = Release|Any CPU
	EndGlobalSection
	GlobalSection(SolutionProperties) = preSolution
		HideSolutionNode = FALSE
	EndGlobalSection
	GlobalSection(ExtensibilityGlobals) = postSolution
		SolutionGuid = {5DBA80EF-A00A-48ED-8852-DC9DF1BA7176}
	EndGlobalSection
EndGlobal
