
Microsoft Visual Studio Solution File, Format Version 12.00
# Visual Studio Version 16
VisualStudioVersion = 16.0.30503.244
MinimumVisualStudioVersion = 10.0.40219.1
Project("{FAE04EC0-301F-11D3-BF4B-00C04F79EFBC}") = "ejercicio_2_1_5_10", "ejercicio_2_1_5_10\ejercicio_2_1_5_10.csproj", "{3A1281E7-AF2F-4434-B650-9B06FDFD2849}"
EndProject
Global
	GlobalSection(SolutionConfigurationPlatforms) = preSolution
		Debug|Any CPU = Debug|Any CPU
		Release|Any CPU = Release|Any CPU
	EndGlobalSection
	GlobalSection(ProjectConfigurationPlatforms) = postSolution
		{3A1281E7-AF2F-4434-B650-9B06FDFD2849}.Debug|Any CPU.ActiveCfg = Debug|Any CPU
		{3A1281E7-AF2F-4434-B650-9B06FDFD2849}.Debug|Any CPU.Build.0 = Debug|Any CPU
		{3A1281E7-AF2F-4434-B650-9B06FDFD2849}.Release|Any CPU.ActiveCfg = Release|Any CPU
		{3A1281E7-AF2F-4434-B650-9B06FDFD2849}.Release|Any CPU.Build.0 = Release|Any CPU
	EndGlobalSection
	GlobalSection(SolutionProperties) = preSolution
		HideSolutionNode = FALSE
	EndGlobalSection
	GlobalSection(ExtensibilityGlobals) = postSolution
		SolutionGuid = {7EBB949E-7CBC-4A4E-8FBA-D05E60539B47}
	EndGlobalSection
EndGlobal
