
Microsoft Visual Studio Solution File, Format Version 12.00
# Visual Studio Version 16
VisualStudioVersion = 16.0.31005.135
MinimumVisualStudioVersion = 10.0.40219.1
Project("{FAE04EC0-301F-11D3-BF4B-00C04F79EFBC}") = "ejercicio_6_6_4", "ejercicio_6_6_4\ejercicio_6_6_4.csproj", "{2B5A9D51-1015-4ECB-B61F-222B9DC895C4}"
EndProject
Global
	GlobalSection(SolutionConfigurationPlatforms) = preSolution
		Debug|Any CPU = Debug|Any CPU
		Release|Any CPU = Release|Any CPU
	EndGlobalSection
	GlobalSection(ProjectConfigurationPlatforms) = postSolution
		{2B5A9D51-1015-4ECB-B61F-222B9DC895C4}.Debug|Any CPU.ActiveCfg = Debug|Any CPU
		{2B5A9D51-1015-4ECB-B61F-222B9DC895C4}.Debug|Any CPU.Build.0 = Debug|Any CPU
		{2B5A9D51-1015-4ECB-B61F-222B9DC895C4}.Release|Any CPU.ActiveCfg = Release|Any CPU
		{2B5A9D51-1015-4ECB-B61F-222B9DC895C4}.Release|Any CPU.Build.0 = Release|Any CPU
	EndGlobalSection
	GlobalSection(SolutionProperties) = preSolution
		HideSolutionNode = FALSE
	EndGlobalSection
	GlobalSection(ExtensibilityGlobals) = postSolution
		SolutionGuid = {752C9AA8-A94A-4249-A05B-3085272158FE}
	EndGlobalSection
EndGlobal
