
Microsoft Visual Studio Solution File, Format Version 12.00
# Visual Studio Version 16
VisualStudioVersion = 16.0.30517.126
MinimumVisualStudioVersion = 10.0.40219.1
Project("{FAE04EC0-301F-11D3-BF4B-00C04F79EFBC}") = "ejercicio_3_2_3_6", "ejercicio_3_2_3_6\ejercicio_3_2_3_6.csproj", "{49BDBC50-89D6-40D6-868A-197954D92608}"
EndProject
Global
	GlobalSection(SolutionConfigurationPlatforms) = preSolution
		Debug|Any CPU = Debug|Any CPU
		Release|Any CPU = Release|Any CPU
	EndGlobalSection
	GlobalSection(ProjectConfigurationPlatforms) = postSolution
		{49BDBC50-89D6-40D6-868A-197954D92608}.Debug|Any CPU.ActiveCfg = Debug|Any CPU
		{49BDBC50-89D6-40D6-868A-197954D92608}.Debug|Any CPU.Build.0 = Debug|Any CPU
		{49BDBC50-89D6-40D6-868A-197954D92608}.Release|Any CPU.ActiveCfg = Release|Any CPU
		{49BDBC50-89D6-40D6-868A-197954D92608}.Release|Any CPU.Build.0 = Release|Any CPU
	EndGlobalSection
	GlobalSection(SolutionProperties) = preSolution
		HideSolutionNode = FALSE
	EndGlobalSection
	GlobalSection(ExtensibilityGlobals) = postSolution
		SolutionGuid = {E2B3C7C3-5BDE-406B-AF69-6C926ED97C36}
	EndGlobalSection
EndGlobal
