
Microsoft Visual Studio Solution File, Format Version 12.00
# Visual Studio Version 16
VisualStudioVersion = 16.0.30611.23
MinimumVisualStudioVersion = 10.0.40219.1
Project("{FAE04EC0-301F-11D3-BF4B-00C04F79EFBC}") = "ejercicio_4_1_4_5", "ejercicio_4_1_4_5\ejercicio_4_1_4_5.csproj", "{681CCB17-1ADF-4A2D-AD51-F7F9C77BBDCB}"
EndProject
Global
	GlobalSection(SolutionConfigurationPlatforms) = preSolution
		Debug|Any CPU = Debug|Any CPU
		Release|Any CPU = Release|Any CPU
	EndGlobalSection
	GlobalSection(ProjectConfigurationPlatforms) = postSolution
		{681CCB17-1ADF-4A2D-AD51-F7F9C77BBDCB}.Debug|Any CPU.ActiveCfg = Debug|Any CPU
		{681CCB17-1ADF-4A2D-AD51-F7F9C77BBDCB}.Debug|Any CPU.Build.0 = Debug|Any CPU
		{681CCB17-1ADF-4A2D-AD51-F7F9C77BBDCB}.Release|Any CPU.ActiveCfg = Release|Any CPU
		{681CCB17-1ADF-4A2D-AD51-F7F9C77BBDCB}.Release|Any CPU.Build.0 = Release|Any CPU
	EndGlobalSection
	GlobalSection(SolutionProperties) = preSolution
		HideSolutionNode = FALSE
	EndGlobalSection
	GlobalSection(ExtensibilityGlobals) = postSolution
		SolutionGuid = {709C672D-6EFA-4BF7-B811-F22F6BBD4467}
	EndGlobalSection
EndGlobal
