
Microsoft Visual Studio Solution File, Format Version 12.00
# Visual Studio Version 16
VisualStudioVersion = 16.0.31005.135
MinimumVisualStudioVersion = 10.0.40219.1
Project("{FAE04EC0-301F-11D3-BF4B-00C04F79EFBC}") = "ejercicio_8_7_1_wpf", "ejercicio_8_7_1_wpf\ejercicio_8_7_1_wpf.csproj", "{C41AA49F-EA2F-43A6-8188-F91BE42D1FFD}"
EndProject
Global
	GlobalSection(SolutionConfigurationPlatforms) = preSolution
		Debug|Any CPU = Debug|Any CPU
		Release|Any CPU = Release|Any CPU
	EndGlobalSection
	GlobalSection(ProjectConfigurationPlatforms) = postSolution
		{C41AA49F-EA2F-43A6-8188-F91BE42D1FFD}.Debug|Any CPU.ActiveCfg = Debug|Any CPU
		{C41AA49F-EA2F-43A6-8188-F91BE42D1FFD}.Debug|Any CPU.Build.0 = Debug|Any CPU
		{C41AA49F-EA2F-43A6-8188-F91BE42D1FFD}.Release|Any CPU.ActiveCfg = Release|Any CPU
		{C41AA49F-EA2F-43A6-8188-F91BE42D1FFD}.Release|Any CPU.Build.0 = Release|Any CPU
	EndGlobalSection
	GlobalSection(SolutionProperties) = preSolution
		HideSolutionNode = FALSE
	EndGlobalSection
	GlobalSection(ExtensibilityGlobals) = postSolution
		SolutionGuid = {6F359BA5-CDB7-4F48-A41B-2CA71FD38E53}
	EndGlobalSection
EndGlobal
