
Microsoft Visual Studio Solution File, Format Version 12.00
# Visual Studio Version 16
VisualStudioVersion = 16.0.31005.135
MinimumVisualStudioVersion = 10.0.40219.1
Project("{FAE04EC0-301F-11D3-BF4B-00C04F79EFBC}") = "ejercicio_8_1_3_wpf", "ejercicio_8_1_3_wpf\ejercicio_8_1_3_wpf.csproj", "{D731913A-D0AE-4C20-BF36-39EBE54A8213}"
EndProject
Global
	GlobalSection(SolutionConfigurationPlatforms) = preSolution
		Debug|Any CPU = Debug|Any CPU
		Release|Any CPU = Release|Any CPU
	EndGlobalSection
	GlobalSection(ProjectConfigurationPlatforms) = postSolution
		{D731913A-D0AE-4C20-BF36-39EBE54A8213}.Debug|Any CPU.ActiveCfg = Debug|Any CPU
		{D731913A-D0AE-4C20-BF36-39EBE54A8213}.Debug|Any CPU.Build.0 = Debug|Any CPU
		{D731913A-D0AE-4C20-BF36-39EBE54A8213}.Release|Any CPU.ActiveCfg = Release|Any CPU
		{D731913A-D0AE-4C20-BF36-39EBE54A8213}.Release|Any CPU.Build.0 = Release|Any CPU
	EndGlobalSection
	GlobalSection(SolutionProperties) = preSolution
		HideSolutionNode = FALSE
	EndGlobalSection
	GlobalSection(ExtensibilityGlobals) = postSolution
		SolutionGuid = {C83F2DC2-949A-4AEE-9746-E44798CFD363}
	EndGlobalSection
EndGlobal
