
Microsoft Visual Studio Solution File, Format Version 12.00
# Visual Studio Version 16
VisualStudioVersion = 16.0.30503.244
MinimumVisualStudioVersion = 10.0.40219.1
Project("{FAE04EC0-301F-11D3-BF4B-00C04F79EFBC}") = "ejercicio_1_7_1", "ejercicio_1_7_1\ejercicio_1_7_1.csproj", "{15BE3457-3EB6-46A3-BFD1-566D1F0739B5}"
EndProject
Global
	GlobalSection(SolutionConfigurationPlatforms) = preSolution
		Debug|Any CPU = Debug|Any CPU
		Release|Any CPU = Release|Any CPU
	EndGlobalSection
	GlobalSection(ProjectConfigurationPlatforms) = postSolution
		{15BE3457-3EB6-46A3-BFD1-566D1F0739B5}.Debug|Any CPU.ActiveCfg = Debug|Any CPU
		{15BE3457-3EB6-46A3-BFD1-566D1F0739B5}.Debug|Any CPU.Build.0 = Debug|Any CPU
		{15BE3457-3EB6-46A3-BFD1-566D1F0739B5}.Release|Any CPU.ActiveCfg = Release|Any CPU
		{15BE3457-3EB6-46A3-BFD1-566D1F0739B5}.Release|Any CPU.Build.0 = Release|Any CPU
	EndGlobalSection
	GlobalSection(SolutionProperties) = preSolution
		HideSolutionNode = FALSE
	EndGlobalSection
	GlobalSection(ExtensibilityGlobals) = postSolution
		SolutionGuid = {5C81007F-8E8D-4E52-B95B-EEB547D4ACAF}
	EndGlobalSection
EndGlobal
