
Microsoft Visual Studio Solution File, Format Version 12.00
# Visual Studio Version 16
VisualStudioVersion = 16.0.30503.244
MinimumVisualStudioVersion = 10.0.40219.1
Project("{FAE04EC0-301F-11D3-BF4B-00C04F79EFBC}") = "ejercicio_1_11_1", "ejercicio_1_11_1\ejercicio_1_11_1.csproj", "{5C8E5623-4B49-426C-8EA9-067D934B336D}"
EndProject
Global
	GlobalSection(SolutionConfigurationPlatforms) = preSolution
		Debug|Any CPU = Debug|Any CPU
		Release|Any CPU = Release|Any CPU
	EndGlobalSection
	GlobalSection(ProjectConfigurationPlatforms) = postSolution
		{5C8E5623-4B49-426C-8EA9-067D934B336D}.Debug|Any CPU.ActiveCfg = Debug|Any CPU
		{5C8E5623-4B49-426C-8EA9-067D934B336D}.Debug|Any CPU.Build.0 = Debug|Any CPU
		{5C8E5623-4B49-426C-8EA9-067D934B336D}.Release|Any CPU.ActiveCfg = Release|Any CPU
		{5C8E5623-4B49-426C-8EA9-067D934B336D}.Release|Any CPU.Build.0 = Release|Any CPU
	EndGlobalSection
	GlobalSection(SolutionProperties) = preSolution
		HideSolutionNode = FALSE
	EndGlobalSection
	GlobalSection(ExtensibilityGlobals) = postSolution
		SolutionGuid = {CE7FA5C0-C753-4C6A-9D88-6D2CCA09E6F8}
	EndGlobalSection
EndGlobal
